
Microsoft Visual Studio Solution File, Format Version 12.00
# Visual Studio Version 17
VisualStudioVersion = 17.3.32929.385
MinimumVisualStudioVersion = 10.0.40219.1
Project("{9A19103F-16F7-4668-BE54-9A1E7A4F7556}") = "CmsWebApi.Test", "test\CmsWebApi.Test\CmsWebApi.Test.csproj", "{453E0503-7E4E-4667-8F8C-7EA2365A8BAF}"
EndProject
Project("{9A19103F-16F7-4668-BE54-9A1E7A4F7556}") = "CmswebApI", "CmswebApI\CmswebApI.csproj", "{8C29B09D-608E-49AC-8434-C5480B612EC4}"
EndProject
Project("{9A19103F-16F7-4668-BE54-9A1E7A4F7556}") = "Cms.Data.Repository", "Cms.Data.Repository\Cms.Data.Repository.csproj", "{6E8B9720-E6DC-40D2-8652-541B88092CC5}"
EndProject
Global
	GlobalSection(SolutionConfigurationPlatforms) = preSolution
		Debug|Any CPU = Debug|Any CPU
		Release|Any CPU = Release|Any CPU
	EndGlobalSection
	GlobalSection(ProjectConfigurationPlatforms) = postSolution
		{453E0503-7E4E-4667-8F8C-7EA2365A8BAF}.Debug|Any CPU.ActiveCfg = Debug|Any CPU
		{453E0503-7E4E-4667-8F8C-7EA2365A8BAF}.Debug|Any CPU.Build.0 = Debug|Any CPU
		{453E0503-7E4E-4667-8F8C-7EA2365A8BAF}.Release|Any CPU.ActiveCfg = Release|Any CPU
		{453E0503-7E4E-4667-8F8C-7EA2365A8BAF}.Release|Any CPU.Build.0 = Release|Any CPU
		{8C29B09D-608E-49AC-8434-C5480B612EC4}.Debug|Any CPU.ActiveCfg = Debug|Any CPU
		{8C29B09D-608E-49AC-8434-C5480B612EC4}.Debug|Any CPU.Build.0 = Debug|Any CPU
		{8C29B09D-608E-49AC-8434-C5480B612EC4}.Release|Any CPU.ActiveCfg = Release|Any CPU
		{8C29B09D-608E-49AC-8434-C5480B612EC4}.Release|Any CPU.Build.0 = Release|Any CPU
		{6E8B9720-E6DC-40D2-8652-541B88092CC5}.Debug|Any CPU.ActiveCfg = Debug|Any CPU
		{6E8B9720-E6DC-40D2-8652-541B88092CC5}.Debug|Any CPU.Build.0 = Debug|Any CPU
		{6E8B9720-E6DC-40D2-8652-541B88092CC5}.Release|Any CPU.ActiveCfg = Release|Any CPU
		{6E8B9720-E6DC-40D2-8652-541B88092CC5}.Release|Any CPU.Build.0 = Release|Any CPU
	EndGlobalSection
	GlobalSection(SolutionProperties) = preSolution
		HideSolutionNode = FALSE
	EndGlobalSection
	GlobalSection(ExtensibilityGlobals) = postSolution
		SolutionGuid = {F2E1BC33-A796-406A-9F58-6DE328330F1B}
	EndGlobalSection
EndGlobal
